
Microsoft Visual Studio Solution File, Format Version 12.00
# Visual Studio Version 17
VisualStudioVersion = 17.7.34031.279
MinimumVisualStudioVersion = 10.0.40219.1
Project("{FAE04EC0-301F-11D3-BF4B-00C04F79EFBC}") = "Assignment5C#", "Assignment5C#\Assignment5C#.csproj", "{8876D041-3B92-4704-8403-02EA252E63F5}"
EndProject
Global
	GlobalSection(SolutionConfigurationPlatforms) = preSolution
		Debug|Any CPU = Debug|Any CPU
		Release|Any CPU = Release|Any CPU
	EndGlobalSection
	GlobalSection(ProjectConfigurationPlatforms) = postSolution
		{8876D041-3B92-4704-8403-02EA252E63F5}.Debug|Any CPU.ActiveCfg = Debug|Any CPU
		{8876D041-3B92-4704-8403-02EA252E63F5}.Debug|Any CPU.Build.0 = Debug|Any CPU
		{8876D041-3B92-4704-8403-02EA252E63F5}.Release|Any CPU.ActiveCfg = Release|Any CPU
		{8876D041-3B92-4704-8403-02EA252E63F5}.Release|Any CPU.Build.0 = Release|Any CPU
	EndGlobalSection
	GlobalSection(SolutionProperties) = preSolution
		HideSolutionNode = FALSE
	EndGlobalSection
	GlobalSection(ExtensibilityGlobals) = postSolution
		SolutionGuid = {CC91DF59-27BD-40A6-ADEA-EA52BCCD41EB}
	EndGlobalSection
EndGlobal
